
Microsoft Visual Studio Solution File, Format Version 12.00
# Visual Studio Version 17
VisualStudioVersion = 17.0.31903.59
MinimumVisualStudioVersion = 10.0.40219.1
Project("{2150E333-8FDC-42A3-9474-1A3956D46DE8}") = "src", "src", "{827E0CD3-B72D-47B6-A68D-7590B98EB39B}"
EndProject
Project("{FAE04EC0-301F-11D3-BF4B-00C04F79EFBC}") = "Quarry", "src\Quarry\Quarry.csproj", "{2463A07D-167B-440F-B020-9B79D8EB442A}"
EndProject
Project("{FAE04EC0-301F-11D3-BF4B-00C04F79EFBC}") = "Quarry.Generator", "src\Quarry.Generator\Quarry.Generator.csproj", "{1ADC8D5C-9F41-4258-8DE2-D303C7CD1C28}"
EndProject
Project("{FAE04EC0-301F-11D3-BF4B-00C04F79EFBC}") = "Quarry.Tool", "src\Quarry.Tool\Quarry.Tool.csproj", "{E0038FA9-2925-4125-8EA5-A7E1F70C4E5D}"
EndProject
Project("{FAE04EC0-301F-11D3-BF4B-00C04F79EFBC}") = "Quarry.Tests", "src\Quarry.Tests\Quarry.Tests.csproj", "{765FC00C-0733-4818-86D7-30F16C22F629}"
EndProject
Project("{FAE04EC0-301F-11D3-BF4B-00C04F79EFBC}") = "Quarry.Benchmarks", "src\Quarry.Benchmarks\Quarry.Benchmarks.csproj", "{A1CD442C-7C92-4B14-860F-EC0029B17C1C}"
EndProject
Project("{FAE04EC0-301F-11D3-BF4B-00C04F79EFBC}") = "Quarry.Analyzers", "src\Quarry.Analyzers\Quarry.Analyzers.csproj", "{0A9AECAB-1338-49A4-A50F-67B239D172B1}"
EndProject
Project("{FAE04EC0-301F-11D3-BF4B-00C04F79EFBC}") = "Quarry.Analyzers.Tests", "src\Quarry.Analyzers.Tests\Quarry.Analyzers.Tests.csproj", "{A4031A51-48A9-4B93-B101-F6719C603994}"
EndProject
Project("{FAE04EC0-301F-11D3-BF4B-00C04F79EFBC}") = "Quarry.Analyzers.CodeFixes", "src\Quarry.Analyzers.CodeFixes\Quarry.Analyzers.CodeFixes.csproj", "{FB82D1C5-0A91-4B9C-82EF-CBB18636548F}"
EndProject
Project("{D954291E-2A0B-460D-934E-DC6B0785DB48}") = "Quarry.Shared", "src\Quarry.Shared\Quarry.Shared.shproj", "{B3C4A2E1-6D8F-4A92-9E5B-1C7D3F8A2E4B}"
EndProject
Project("{FAE04EC0-301F-11D3-BF4B-00C04F79EFBC}") = "Quarry.Migration", "src\Quarry.Migration\Quarry.Migration.csproj", "{EDDCF061-C456-42AB-A53F-4165E5EED5BF}"
EndProject
Project("{FAE04EC0-301F-11D3-BF4B-00C04F79EFBC}") = "Quarry.Migration.Tests", "src\Quarry.Migration.Tests\Quarry.Migration.Tests.csproj", "{2EA8E72C-BA55-43E1-B614-308BA065F57F}"
EndProject
Project("{FAE04EC0-301F-11D3-BF4B-00C04F79EFBC}") = "Quarry.Benchmarks.GeneratorHarness", "src\Quarry.Benchmarks.GeneratorHarness\Quarry.Benchmarks.GeneratorHarness.csproj", "{2E2824BD-2E98-414D-903C-C670ADDF3949}"
EndProject
Global
	GlobalSection(SolutionConfigurationPlatforms) = preSolution
		Debug|Any CPU = Debug|Any CPU
		Debug|x64 = Debug|x64
		Debug|x86 = Debug|x86
		Release|Any CPU = Release|Any CPU
		Release|x64 = Release|x64
		Release|x86 = Release|x86
	EndGlobalSection
	GlobalSection(ProjectConfigurationPlatforms) = postSolution
		{2463A07D-167B-440F-B020-9B79D8EB442A}.Debug|Any CPU.ActiveCfg = Debug|Any CPU
		{2463A07D-167B-440F-B020-9B79D8EB442A}.Debug|Any CPU.Build.0 = Debug|Any CPU
		{2463A07D-167B-440F-B020-9B79D8EB442A}.Debug|x64.ActiveCfg = Debug|Any CPU
		{2463A07D-167B-440F-B020-9B79D8EB442A}.Debug|x64.Build.0 = Debug|Any CPU
		{2463A07D-167B-440F-B020-9B79D8EB442A}.Debug|x86.ActiveCfg = Debug|Any CPU
		{2463A07D-167B-440F-B020-9B79D8EB442A}.Debug|x86.Build.0 = Debug|Any CPU
		{2463A07D-167B-440F-B020-9B79D8EB442A}.Release|Any CPU.ActiveCfg = Release|Any CPU
		{2463A07D-167B-440F-B020-9B79D8EB442A}.Release|Any CPU.Build.0 = Release|Any CPU
		{2463A07D-167B-440F-B020-9B79D8EB442A}.Release|x64.ActiveCfg = Release|Any CPU
		{2463A07D-167B-440F-B020-9B79D8EB442A}.Release|x64.Build.0 = Release|Any CPU
		{2463A07D-167B-440F-B020-9B79D8EB442A}.Release|x86.ActiveCfg = Release|Any CPU
		{2463A07D-167B-440F-B020-9B79D8EB442A}.Release|x86.Build.0 = Release|Any CPU
		{1ADC8D5C-9F41-4258-8DE2-D303C7CD1C28}.Debug|Any CPU.ActiveCfg = Debug|Any CPU
		{1ADC8D5C-9F41-4258-8DE2-D303C7CD1C28}.Debug|Any CPU.Build.0 = Debug|Any CPU
		{1ADC8D5C-9F41-4258-8DE2-D303C7CD1C28}.Debug|x64.ActiveCfg = Debug|Any CPU
		{1ADC8D5C-9F41-4258-8DE2-D303C7CD1C28}.Debug|x64.Build.0 = Debug|Any CPU
		{1ADC8D5C-9F41-4258-8DE2-D303C7CD1C28}.Debug|x86.ActiveCfg = Debug|Any CPU
		{1ADC8D5C-9F41-4258-8DE2-D303C7CD1C28}.Debug|x86.Build.0 = Debug|Any CPU
		{1ADC8D5C-9F41-4258-8DE2-D303C7CD1C28}.Release|Any CPU.ActiveCfg = Release|Any CPU
		{1ADC8D5C-9F41-4258-8DE2-D303C7CD1C28}.Release|Any CPU.Build.0 = Release|Any CPU
		{1ADC8D5C-9F41-4258-8DE2-D303C7CD1C28}.Release|x64.ActiveCfg = Release|Any CPU
		{1ADC8D5C-9F41-4258-8DE2-D303C7CD1C28}.Release|x64.Build.0 = Release|Any CPU
		{1ADC8D5C-9F41-4258-8DE2-D303C7CD1C28}.Release|x86.ActiveCfg = Release|Any CPU
		{1ADC8D5C-9F41-4258-8DE2-D303C7CD1C28}.Release|x86.Build.0 = Release|Any CPU
		{E0038FA9-2925-4125-8EA5-A7E1F70C4E5D}.Debug|Any CPU.ActiveCfg = Debug|Any CPU
		{E0038FA9-2925-4125-8EA5-A7E1F70C4E5D}.Debug|Any CPU.Build.0 = Debug|Any CPU
		{E0038FA9-2925-4125-8EA5-A7E1F70C4E5D}.Debug|x64.ActiveCfg = Debug|Any CPU
		{E0038FA9-2925-4125-8EA5-A7E1F70C4E5D}.Debug|x64.Build.0 = Debug|Any CPU
		{E0038FA9-2925-4125-8EA5-A7E1F70C4E5D}.Debug|x86.ActiveCfg = Debug|Any CPU
		{E0038FA9-2925-4125-8EA5-A7E1F70C4E5D}.Debug|x86.Build.0 = Debug|Any CPU
		{E0038FA9-2925-4125-8EA5-A7E1F70C4E5D}.Release|Any CPU.ActiveCfg = Release|Any CPU
		{E0038FA9-2925-4125-8EA5-A7E1F70C4E5D}.Release|Any CPU.Build.0 = Release|Any CPU
		{E0038FA9-2925-4125-8EA5-A7E1F70C4E5D}.Release|x64.ActiveCfg = Release|Any CPU
		{E0038FA9-2925-4125-8EA5-A7E1F70C4E5D}.Release|x64.Build.0 = Release|Any CPU
		{E0038FA9-2925-4125-8EA5-A7E1F70C4E5D}.Release|x86.ActiveCfg = Release|Any CPU
		{E0038FA9-2925-4125-8EA5-A7E1F70C4E5D}.Release|x86.Build.0 = Release|Any CPU
		{765FC00C-0733-4818-86D7-30F16C22F629}.Debug|Any CPU.ActiveCfg = Debug|Any CPU
		{765FC00C-0733-4818-86D7-30F16C22F629}.Debug|Any CPU.Build.0 = Debug|Any CPU
		{765FC00C-0733-4818-86D7-30F16C22F629}.Debug|x64.ActiveCfg = Debug|Any CPU
		{765FC00C-0733-4818-86D7-30F16C22F629}.Debug|x64.Build.0 = Debug|Any CPU
		{765FC00C-0733-4818-86D7-30F16C22F629}.Debug|x86.ActiveCfg = Debug|Any CPU
		{765FC00C-0733-4818-86D7-30F16C22F629}.Debug|x86.Build.0 = Debug|Any CPU
		{765FC00C-0733-4818-86D7-30F16C22F629}.Release|Any CPU.ActiveCfg = Release|Any CPU
		{765FC00C-0733-4818-86D7-30F16C22F629}.Release|Any CPU.Build.0 = Release|Any CPU
		{765FC00C-0733-4818-86D7-30F16C22F629}.Release|x64.ActiveCfg = Release|Any CPU
		{765FC00C-0733-4818-86D7-30F16C22F629}.Release|x64.Build.0 = Release|Any CPU
		{765FC00C-0733-4818-86D7-30F16C22F629}.Release|x86.ActiveCfg = Release|Any CPU
		{765FC00C-0733-4818-86D7-30F16C22F629}.Release|x86.Build.0 = Release|Any CPU
		{A1CD442C-7C92-4B14-860F-EC0029B17C1C}.Debug|Any CPU.ActiveCfg = Debug|Any CPU
		{A1CD442C-7C92-4B14-860F-EC0029B17C1C}.Debug|Any CPU.Build.0 = Debug|Any CPU
		{A1CD442C-7C92-4B14-860F-EC0029B17C1C}.Debug|x64.ActiveCfg = Debug|Any CPU
		{A1CD442C-7C92-4B14-860F-EC0029B17C1C}.Debug|x64.Build.0 = Debug|Any CPU
		{A1CD442C-7C92-4B14-860F-EC0029B17C1C}.Debug|x86.ActiveCfg = Debug|Any CPU
		{A1CD442C-7C92-4B14-860F-EC0029B17C1C}.Debug|x86.Build.0 = Debug|Any CPU
		{A1CD442C-7C92-4B14-860F-EC0029B17C1C}.Release|Any CPU.ActiveCfg = Release|Any CPU
		{A1CD442C-7C92-4B14-860F-EC0029B17C1C}.Release|Any CPU.Build.0 = Release|Any CPU
		{A1CD442C-7C92-4B14-860F-EC0029B17C1C}.Release|x64.ActiveCfg = Release|Any CPU
		{A1CD442C-7C92-4B14-860F-EC0029B17C1C}.Release|x64.Build.0 = Release|Any CPU
		{A1CD442C-7C92-4B14-860F-EC0029B17C1C}.Release|x86.ActiveCfg = Release|Any CPU
		{A1CD442C-7C92-4B14-860F-EC0029B17C1C}.Release|x86.Build.0 = Release|Any CPU
		{0A9AECAB-1338-49A4-A50F-67B239D172B1}.Debug|Any CPU.ActiveCfg = Debug|Any CPU
		{0A9AECAB-1338-49A4-A50F-67B239D172B1}.Debug|Any CPU.Build.0 = Debug|Any CPU
		{0A9AECAB-1338-49A4-A50F-67B239D172B1}.Debug|x64.ActiveCfg = Debug|Any CPU
		{0A9AECAB-1338-49A4-A50F-67B239D172B1}.Debug|x64.Build.0 = Debug|Any CPU
		{0A9AECAB-1338-49A4-A50F-67B239D172B1}.Debug|x86.ActiveCfg = Debug|Any CPU
		{0A9AECAB-1338-49A4-A50F-67B239D172B1}.Debug|x86.Build.0 = Debug|Any CPU
		{0A9AECAB-1338-49A4-A50F-67B239D172B1}.Release|Any CPU.ActiveCfg = Release|Any CPU
		{0A9AECAB-1338-49A4-A50F-67B239D172B1}.Release|Any CPU.Build.0 = Release|Any CPU
		{0A9AECAB-1338-49A4-A50F-67B239D172B1}.Release|x64.ActiveCfg = Release|Any CPU
		{0A9AECAB-1338-49A4-A50F-67B239D172B1}.Release|x64.Build.0 = Release|Any CPU
		{0A9AECAB-1338-49A4-A50F-67B239D172B1}.Release|x86.ActiveCfg = Release|Any CPU
		{0A9AECAB-1338-49A4-A50F-67B239D172B1}.Release|x86.Build.0 = Release|Any CPU
		{A4031A51-48A9-4B93-B101-F6719C603994}.Debug|Any CPU.ActiveCfg = Debug|Any CPU
		{A4031A51-48A9-4B93-B101-F6719C603994}.Debug|Any CPU.Build.0 = Debug|Any CPU
		{A4031A51-48A9-4B93-B101-F6719C603994}.Debug|x64.ActiveCfg = Debug|Any CPU
		{A4031A51-48A9-4B93-B101-F6719C603994}.Debug|x64.Build.0 = Debug|Any CPU
		{A4031A51-48A9-4B93-B101-F6719C603994}.Debug|x86.ActiveCfg = Debug|Any CPU
		{A4031A51-48A9-4B93-B101-F6719C603994}.Debug|x86.Build.0 = Debug|Any CPU
		{A4031A51-48A9-4B93-B101-F6719C603994}.Release|Any CPU.ActiveCfg = Release|Any CPU
		{A4031A51-48A9-4B93-B101-F6719C603994}.Release|Any CPU.Build.0 = Release|Any CPU
		{A4031A51-48A9-4B93-B101-F6719C603994}.Release|x64.ActiveCfg = Release|Any CPU
		{A4031A51-48A9-4B93-B101-F6719C603994}.Release|x64.Build.0 = Release|Any CPU
		{A4031A51-48A9-4B93-B101-F6719C603994}.Release|x86.ActiveCfg = Release|Any CPU
		{A4031A51-48A9-4B93-B101-F6719C603994}.Release|x86.Build.0 = Release|Any CPU
		{FB82D1C5-0A91-4B9C-82EF-CBB18636548F}.Debug|Any CPU.ActiveCfg = Debug|Any CPU
		{FB82D1C5-0A91-4B9C-82EF-CBB18636548F}.Debug|Any CPU.Build.0 = Debug|Any CPU
		{FB82D1C5-0A91-4B9C-82EF-CBB18636548F}.Debug|x64.ActiveCfg = Debug|Any CPU
		{FB82D1C5-0A91-4B9C-82EF-CBB18636548F}.Debug|x64.Build.0 = Debug|Any CPU
		{FB82D1C5-0A91-4B9C-82EF-CBB18636548F}.Debug|x86.ActiveCfg = Debug|Any CPU
		{FB82D1C5-0A91-4B9C-82EF-CBB18636548F}.Debug|x86.Build.0 = Debug|Any CPU
		{FB82D1C5-0A91-4B9C-82EF-CBB18636548F}.Release|Any CPU.ActiveCfg = Release|Any CPU
		{FB82D1C5-0A91-4B9C-82EF-CBB18636548F}.Release|Any CPU.Build.0 = Release|Any CPU
		{FB82D1C5-0A91-4B9C-82EF-CBB18636548F}.Release|x64.ActiveCfg = Release|Any CPU
		{FB82D1C5-0A91-4B9C-82EF-CBB18636548F}.Release|x64.Build.0 = Release|Any CPU
		{FB82D1C5-0A91-4B9C-82EF-CBB18636548F}.Release|x86.ActiveCfg = Release|Any CPU
		{FB82D1C5-0A91-4B9C-82EF-CBB18636548F}.Release|x86.Build.0 = Release|Any CPU
		{EDDCF061-C456-42AB-A53F-4165E5EED5BF}.Debug|Any CPU.ActiveCfg = Debug|Any CPU
		{EDDCF061-C456-42AB-A53F-4165E5EED5BF}.Debug|Any CPU.Build.0 = Debug|Any CPU
		{EDDCF061-C456-42AB-A53F-4165E5EED5BF}.Debug|x64.ActiveCfg = Debug|Any CPU
		{EDDCF061-C456-42AB-A53F-4165E5EED5BF}.Debug|x64.Build.0 = Debug|Any CPU
		{EDDCF061-C456-42AB-A53F-4165E5EED5BF}.Debug|x86.ActiveCfg = Debug|Any CPU
		{EDDCF061-C456-42AB-A53F-4165E5EED5BF}.Debug|x86.Build.0 = Debug|Any CPU
		{EDDCF061-C456-42AB-A53F-4165E5EED5BF}.Release|Any CPU.ActiveCfg = Release|Any CPU
		{EDDCF061-C456-42AB-A53F-4165E5EED5BF}.Release|Any CPU.Build.0 = Release|Any CPU
		{EDDCF061-C456-42AB-A53F-4165E5EED5BF}.Release|x64.ActiveCfg = Release|Any CPU
		{EDDCF061-C456-42AB-A53F-4165E5EED5BF}.Release|x64.Build.0 = Release|Any CPU
		{EDDCF061-C456-42AB-A53F-4165E5EED5BF}.Release|x86.ActiveCfg = Release|Any CPU
		{EDDCF061-C456-42AB-A53F-4165E5EED5BF}.Release|x86.Build.0 = Release|Any CPU
		{2EA8E72C-BA55-43E1-B614-308BA065F57F}.Debug|Any CPU.ActiveCfg = Debug|Any CPU
		{2EA8E72C-BA55-43E1-B614-308BA065F57F}.Debug|Any CPU.Build.0 = Debug|Any CPU
		{2EA8E72C-BA55-43E1-B614-308BA065F57F}.Debug|x64.ActiveCfg = Debug|Any CPU
		{2EA8E72C-BA55-43E1-B614-308BA065F57F}.Debug|x64.Build.0 = Debug|Any CPU
		{2EA8E72C-BA55-43E1-B614-308BA065F57F}.Debug|x86.ActiveCfg = Debug|Any CPU
		{2EA8E72C-BA55-43E1-B614-308BA065F57F}.Debug|x86.Build.0 = Debug|Any CPU
		{2EA8E72C-BA55-43E1-B614-308BA065F57F}.Release|Any CPU.ActiveCfg = Release|Any CPU
		{2EA8E72C-BA55-43E1-B614-308BA065F57F}.Release|Any CPU.Build.0 = Release|Any CPU
		{2EA8E72C-BA55-43E1-B614-308BA065F57F}.Release|x64.ActiveCfg = Release|Any CPU
		{2EA8E72C-BA55-43E1-B614-308BA065F57F}.Release|x64.Build.0 = Release|Any CPU
		{2EA8E72C-BA55-43E1-B614-308BA065F57F}.Release|x86.ActiveCfg = Release|Any CPU
		{2EA8E72C-BA55-43E1-B614-308BA065F57F}.Release|x86.Build.0 = Release|Any CPU
		{2E2824BD-2E98-414D-903C-C670ADDF3949}.Debug|Any CPU.ActiveCfg = Debug|Any CPU
		{2E2824BD-2E98-414D-903C-C670ADDF3949}.Debug|Any CPU.Build.0 = Debug|Any CPU
		{2E2824BD-2E98-414D-903C-C670ADDF3949}.Debug|x64.ActiveCfg = Debug|Any CPU
		{2E2824BD-2E98-414D-903C-C670ADDF3949}.Debug|x64.Build.0 = Debug|Any CPU
		{2E2824BD-2E98-414D-903C-C670ADDF3949}.Debug|x86.ActiveCfg = Debug|Any CPU
		{2E2824BD-2E98-414D-903C-C670ADDF3949}.Debug|x86.Build.0 = Debug|Any CPU
		{2E2824BD-2E98-414D-903C-C670ADDF3949}.Release|Any CPU.ActiveCfg = Release|Any CPU
		{2E2824BD-2E98-414D-903C-C670ADDF3949}.Release|Any CPU.Build.0 = Release|Any CPU
		{2E2824BD-2E98-414D-903C-C670ADDF3949}.Release|x64.ActiveCfg = Release|Any CPU
		{2E2824BD-2E98-414D-903C-C670ADDF3949}.Release|x64.Build.0 = Release|Any CPU
		{2E2824BD-2E98-414D-903C-C670ADDF3949}.Release|x86.ActiveCfg = Release|Any CPU
		{2E2824BD-2E98-414D-903C-C670ADDF3949}.Release|x86.Build.0 = Release|Any CPU
	EndGlobalSection
	GlobalSection(SolutionProperties) = preSolution
		HideSolutionNode = FALSE
	EndGlobalSection
	GlobalSection(NestedProjects) = preSolution
		{2463A07D-167B-440F-B020-9B79D8EB442A} = {827E0CD3-B72D-47B6-A68D-7590B98EB39B}
		{1ADC8D5C-9F41-4258-8DE2-D303C7CD1C28} = {827E0CD3-B72D-47B6-A68D-7590B98EB39B}
		{E0038FA9-2925-4125-8EA5-A7E1F70C4E5D} = {827E0CD3-B72D-47B6-A68D-7590B98EB39B}
		{765FC00C-0733-4818-86D7-30F16C22F629} = {827E0CD3-B72D-47B6-A68D-7590B98EB39B}
		{A1CD442C-7C92-4B14-860F-EC0029B17C1C} = {827E0CD3-B72D-47B6-A68D-7590B98EB39B}
		{0A9AECAB-1338-49A4-A50F-67B239D172B1} = {827E0CD3-B72D-47B6-A68D-7590B98EB39B}
		{A4031A51-48A9-4B93-B101-F6719C603994} = {827E0CD3-B72D-47B6-A68D-7590B98EB39B}
		{FB82D1C5-0A91-4B9C-82EF-CBB18636548F} = {827E0CD3-B72D-47B6-A68D-7590B98EB39B}
		{B3C4A2E1-6D8F-4A92-9E5B-1C7D3F8A2E4B} = {827E0CD3-B72D-47B6-A68D-7590B98EB39B}
		{EDDCF061-C456-42AB-A53F-4165E5EED5BF} = {827E0CD3-B72D-47B6-A68D-7590B98EB39B}
		{2EA8E72C-BA55-43E1-B614-308BA065F57F} = {827E0CD3-B72D-47B6-A68D-7590B98EB39B}
		{2E2824BD-2E98-414D-903C-C670ADDF3949} = {827E0CD3-B72D-47B6-A68D-7590B98EB39B}
	EndGlobalSection
EndGlobal
